
Microsoft Visual Studio Solution File, Format Version 12.00
# Visual Studio 15
VisualStudioVersion = 15.0.27004.2005
MinimumVisualStudioVersion = 10.0.40219.1
Project("{E53339B2-1760-4266-BCC7-CA923CBCF16C}") = "docker-compose", "docker-compose.dcproj", "{1F6FCC6F-1483-438A-A5E5-DC7A8E0A223E}"
EndProject
Project("{FAE04EC0-301F-11D3-BF4B-00C04F79EFBC}") = "V.Infra.Api", "V.Infra.Api\V.Infra.Api.csproj", "{D3D5EA05-A505-4898-9108-414E4841AA32}"
EndProject
Global
	GlobalSection(SolutionConfigurationPlatforms) = preSolution
		Debug|Any CPU = Debug|Any CPU
		Release|Any CPU = Release|Any CPU
	EndGlobalSection
	GlobalSection(ProjectConfigurationPlatforms) = postSolution
		{1F6FCC6F-1483-438A-A5E5-DC7A8E0A223E}.Debug|Any CPU.ActiveCfg = Debug|Any CPU
		{1F6FCC6F-1483-438A-A5E5-DC7A8E0A223E}.Debug|Any CPU.Build.0 = Debug|Any CPU
		{1F6FCC6F-1483-438A-A5E5-DC7A8E0A223E}.Release|Any CPU.ActiveCfg = Release|Any CPU
		{1F6FCC6F-1483-438A-A5E5-DC7A8E0A223E}.Release|Any CPU.Build.0 = Release|Any CPU
		{D3D5EA05-A505-4898-9108-414E4841AA32}.Debug|Any CPU.ActiveCfg = Debug|Any CPU
		{D3D5EA05-A505-4898-9108-414E4841AA32}.Debug|Any CPU.Build.0 = Debug|Any CPU
		{D3D5EA05-A505-4898-9108-414E4841AA32}.Release|Any CPU.ActiveCfg = Release|Any CPU
		{D3D5EA05-A505-4898-9108-414E4841AA32}.Release|Any CPU.Build.0 = Release|Any CPU
	EndGlobalSection
	GlobalSection(SolutionProperties) = preSolution
		HideSolutionNode = FALSE
	EndGlobalSection
	GlobalSection(ExtensibilityGlobals) = postSolution
		SolutionGuid = {1A73A201-6761-4506-943B-D3ABF8EE7A0A}
	EndGlobalSection
EndGlobal
